
Microsoft Visual Studio Solution File, Format Version 12.00
# Visual Studio Version 16
VisualStudioVersion = 16.0.30011.22
MinimumVisualStudioVersion = 10.0.40219.1
Project("{FAE04EC0-301F-11D3-BF4B-00C04F79EFBC}") = "CheckSourceTarget", "CheckSourceTarget.csproj", "{BF12425A-527C-4CBD-A861-5F07F5DD1F64}"
EndProject
Global
	GlobalSection(SolutionConfigurationPlatforms) = preSolution
		Debug|Any CPU = Debug|Any CPU
		Release|Any CPU = Release|Any CPU
	EndGlobalSection
	GlobalSection(ProjectConfigurationPlatforms) = postSolution
		{BF12425A-527C-4CBD-A861-5F07F5DD1F64}.Debug|Any CPU.ActiveCfg = Debug|Any CPU
		{BF12425A-527C-4CBD-A861-5F07F5DD1F64}.Debug|Any CPU.Build.0 = Debug|Any CPU
		{BF12425A-527C-4CBD-A861-5F07F5DD1F64}.Release|Any CPU.ActiveCfg = Release|Any CPU
		{BF12425A-527C-4CBD-A861-5F07F5DD1F64}.Release|Any CPU.Build.0 = Release|Any CPU
	EndGlobalSection
	GlobalSection(SolutionProperties) = preSolution
		HideSolutionNode = FALSE
	EndGlobalSection
	GlobalSection(ExtensibilityGlobals) = postSolution
		SolutionGuid = {D0839BF3-856F-493D-8300-FDE5B618415A}
	EndGlobalSection
EndGlobal
